{
    "_readme": [
        "This file locks the dependencies of your project to a known state",
        "Read more about it at http://getcomposer.org/doc/01-basic-usage.md#composer-lock-the-lock-file",
        "This file is @generated automatically"
    ],
    "hash": "01dc0f99fd35cfdf2f2f7e9991d42d09",
    "packages": [
        {
            "name": "togos/base32",
            "version": "1.0.0",
            "source": {
                "type": "git",
                "url": "https://github.com/TOGoS/PHPBase32.git",
                "reference": "e13532d9620a559e82331d765ebe126895be7381"
            },
            "dist": {
                "type": "zip",
                "url": "https://api.github.com/repos/TOGoS/PHPBase32/zipball/e13532d9620a559e82331d765ebe126895be7381",
                "reference": "e13532d9620a559e82331d765ebe126895be7381",
                "shasum": ""
            },
            "type": "library",
            "autoload": {
                "psr-0": {
                    "TOGoS_Base32": "lib/"
                }
            },
            "notification-url": "https://packagist.org/downloads/",
            "license": [
                "MIT"
            ],
            "description": "RFC3548 base32 encoder/decoder",
            "time": "2014-09-10 20:02:28"
        }
    ],
    "packages-dev": [

    ],
    "aliases": [

    ],
    "minimum-stability": "stable",
    "stability-flags": [

    ],
    "prefer-stable": false,
    "platform": [

    ],
    "platform-dev": [

    ]
}
